
Microsoft Visual Studio Solution File, Format Version 12.00
# Visual Studio Version 17
VisualStudioVersion = 17.6.33829.357
MinimumVisualStudioVersion = 10.0.40219.1
Project("{FAE04EC0-301F-11D3-BF4B-00C04F79EFBC}") = "Bandana", "Bandana\Bandana.csproj", "{F2EB631F-75F9-462D-8EF3-64E042DFF698}"
EndProject
Global
	GlobalSection(SolutionConfigurationPlatforms) = preSolution
		Debug|Any CPU = Debug|Any CPU
		Release|Any CPU = Release|Any CPU
	EndGlobalSection
	GlobalSection(ProjectConfigurationPlatforms) = postSolution
		{F2EB631F-75F9-462D-8EF3-64E042DFF698}.Debug|Any CPU.ActiveCfg = Debug|Any CPU
		{F2EB631F-75F9-462D-8EF3-64E042DFF698}.Debug|Any CPU.Build.0 = Debug|Any CPU
		{F2EB631F-75F9-462D-8EF3-64E042DFF698}.Release|Any CPU.ActiveCfg = Release|Any CPU
		{F2EB631F-75F9-462D-8EF3-64E042DFF698}.Release|Any CPU.Build.0 = Release|Any CPU
	EndGlobalSection
	GlobalSection(SolutionProperties) = preSolution
		HideSolutionNode = FALSE
	EndGlobalSection
	GlobalSection(ExtensibilityGlobals) = postSolution
		SolutionGuid = {3F25C38E-48DF-473C-AF71-F73F5305F6D1}
	EndGlobalSection
EndGlobal
